{
  "object": {
    "pins": [
      {
        "package": "ESTabBarController",
        "repositoryURL": "https://github.com/eggswift/ESTabBarController.git",
        "state": {
          "branch": null,
          "revision": "2acc5e5844efcb3259ace475e012c75de5c90658",
          "version": "2.8.0"
        }
      },
      {
        "package": "KeychainSwift",
        "repositoryURL": "https://github.com/evgenyneu/keychain-swift.git",
        "state": {
          "branch": null,
          "revision": "96fb84f45a96630e7583903bd7e08cf095c7a7ef",
          "version": "19.0.0"
        }
      }
    ]
  },
  "version": 1
}
