// !$*UTF8*$!
{
	archiveVersion = 1;
	classes = {
	};
	objectVersion = 52;
	objects = {

/* Begin PBXBuildFile section */
		4C39A980244E9DDA00AAA74E /* FoodSearchTableViewController.swift in Sources */ = {isa = PBXBuildFile; fileRef = 4C39A97F244E9DDA00AAA74E /* FoodSearchTableViewController.swift */; };
		4C82D27924529C1B005E83F2 /* NutrientDetails.swift in Sources */ = {isa = PBXBuildFile; fileRef = 4C82D27824529C1B005E83F2 /* NutrientDetails.swift */; };
		4C89A9EE24400F1100348B5A /* FoodDetailViewController.swift in Sources */ = {isa = PBXBuildFile; fileRef = 4C89A9ED24400F1100348B5A /* FoodDetailViewController.swift */; };
		4C89A9F22440105500348B5A /* Dashboard.storyboard in Resources */ = {isa = PBXBuildFile; fileRef = 4C89A9F02440105500348B5A /* Dashboard.storyboard */; };
		4C89A9F4244010E500348B5A /* Profile.storyboard in Resources */ = {isa = PBXBuildFile; fileRef = 4C89A9F3244010E500348B5A /* Profile.storyboard */; };
		4C89A9F72440134500348B5A /* SignIn.storyboard in Resources */ = {isa = PBXBuildFile; fileRef = 4C89A9F52440134500348B5A /* SignIn.storyboard */; };
		4C89A9F92440137200348B5A /* Signup.storyboard in Resources */ = {isa = PBXBuildFile; fileRef = 4C89A9F82440137200348B5A /* Signup.storyboard */; };
		4C9F30B92452804A00CE14CA /* HTTPMethod.swift in Sources */ = {isa = PBXBuildFile; fileRef = 4C9F30B82452804A00CE14CA /* HTTPMethod.swift */; };
		4C9F30BD24528B8700CE14CA /* FoodSearchController.swift in Sources */ = {isa = PBXBuildFile; fileRef = 4C9F30BC24528B8700CE14CA /* FoodSearchController.swift */; };
		4C9F30BF24528F1200CE14CA /* Food.swift in Sources */ = {isa = PBXBuildFile; fileRef = 4C9F30BE24528F1200CE14CA /* Food.swift */; };
		510F0D7824CE5ECB00A5F312 /* DailyMacros.swift in Sources */ = {isa = PBXBuildFile; fileRef = 510F0D7724CE5ECB00A5F312 /* DailyMacros.swift */; };
		511285E524D368C30080127B /* MealTypeHeaderLabel.swift in Sources */ = {isa = PBXBuildFile; fileRef = 511285E424D368C30080127B /* MealTypeHeaderLabel.swift */; };
		51257AE824A2E51200C744B7 /* UserAuthController.swift in Sources */ = {isa = PBXBuildFile; fileRef = 51257AE724A2E51200C744B7 /* UserAuthController.swift */; };
		51257AEB24A2EE6600C744B7 /* UserAuth.swift in Sources */ = {isa = PBXBuildFile; fileRef = 51257AEA24A2EE6600C744B7 /* UserAuth.swift */; };
		512970C324B1324900315C7B /* RingsAndMacrosView.swift in Sources */ = {isa = PBXBuildFile; fileRef = 512970C224B1324900315C7B /* RingsAndMacrosView.swift */; };
		512C3FE724CFCD6C00B542B3 /* FoodLogEntry.swift in Sources */ = {isa = PBXBuildFile; fileRef = 512C3FE624CFCD6C00B542B3 /* FoodLogEntry.swift */; };
		512C3FEA24CFD1B700B542B3 /* FoodLog.swift in Sources */ = {isa = PBXBuildFile; fileRef = 512C3FE924CFD1B700B542B3 /* FoodLog.swift */; };
		512F486A24D4AA0100EA128D /* Gaoel.ttf in Resources */ = {isa = PBXBuildFile; fileRef = 512F486924D4AA0100EA128D /* Gaoel.ttf */; };
		5130B83324A7043F00946B41 /* NutritionLabel.swift in Sources */ = {isa = PBXBuildFile; fileRef = 5130B83224A7043F00946B41 /* NutritionLabel.swift */; };
		51363F9E24A975F5001432F7 /* FadedScrollViews.swift in Sources */ = {isa = PBXBuildFile; fileRef = 51363F9D24A975F5001432F7 /* FadedScrollViews.swift */; };
		5139531D24A3D10E00CDF5F1 /* QuoteController.swift in Sources */ = {isa = PBXBuildFile; fileRef = 5139531C24A3D10E00CDF5F1 /* QuoteController.swift */; };
		5139531F24A3D3F700CDF5F1 /* Quote.swift in Sources */ = {isa = PBXBuildFile; fileRef = 5139531E24A3D3F700CDF5F1 /* Quote.swift */; };
		5139532224A3E14E00CDF5F1 /* Muli-LightItalic.ttf in Resources */ = {isa = PBXBuildFile; fileRef = 5139532024A3E14E00CDF5F1 /* Muli-LightItalic.ttf */; };
		5139532324A3E14E00CDF5F1 /* Muli-MediumItalic.ttf in Resources */ = {isa = PBXBuildFile; fileRef = 5139532124A3E14E00CDF5F1 /* Muli-MediumItalic.ttf */; };
		5139532524A3E16500CDF5F1 /* Muli-Italic-VariableFont_wght.ttf in Resources */ = {isa = PBXBuildFile; fileRef = 5139532424A3E16500CDF5F1 /* Muli-Italic-VariableFont_wght.ttf */; };
		513B5802249703E600D127C6 /* BarcodeSearchViewController.swift in Sources */ = {isa = PBXBuildFile; fileRef = 513B5801249703E600D127C6 /* BarcodeSearchViewController.swift */; };
		51450F9F24D110880065E0F0 /* UserDefaults.swift in Sources */ = {isa = PBXBuildFile; fileRef = 51450F9E24D110880065E0F0 /* UserDefaults.swift */; };
		514D57F624CA275B008DCEEF /* UIViewExtensions.swift in Sources */ = {isa = PBXBuildFile; fileRef = 514D57F524CA275B008DCEEF /* UIViewExtensions.swift */; };
		514EF50424D00B2E0097C309 /* DateFormatter.swift in Sources */ = {isa = PBXBuildFile; fileRef = 514EF50324D00B2E0097C309 /* DateFormatter.swift */; };
		51503BEF24D287DE00643896 /* MealTypes.swift in Sources */ = {isa = PBXBuildFile; fileRef = 51503BEE24D287DE00643896 /* MealTypes.swift */; };
		5151E6D024A7FA330071A609 /* FoodLogTableViewController.swift in Sources */ = {isa = PBXBuildFile; fileRef = 5151E6CF24A7FA330071A609 /* FoodLogTableViewController.swift */; };
		5151E6D324A7FB550071A609 /* FoodLogController.swift in Sources */ = {isa = PBXBuildFile; fileRef = 5151E6D224A7FB550071A609 /* FoodLogController.swift */; };
		51C5742924CBB9F900B211F8 /* Catamaran-ExtraBold.ttf in Resources */ = {isa = PBXBuildFile; fileRef = 51C5742024CBB9F900B211F8 /* Catamaran-ExtraBold.ttf */; };
		51C5742A24CBB9F900B211F8 /* Catamaran-ExtraLight.ttf in Resources */ = {isa = PBXBuildFile; fileRef = 51C5742124CBB9F900B211F8 /* Catamaran-ExtraLight.ttf */; };
		51C5742B24CBB9F900B211F8 /* Catamaran-Thin.ttf in Resources */ = {isa = PBXBuildFile; fileRef = 51C5742224CBB9F900B211F8 /* Catamaran-Thin.ttf */; };
		51C5742C24CBB9F900B211F8 /* Catamaran-Bold.ttf in Resources */ = {isa = PBXBuildFile; fileRef = 51C5742324CBB9F900B211F8 /* Catamaran-Bold.ttf */; };
		51C5742D24CBB9F900B211F8 /* Catamaran-Black.ttf in Resources */ = {isa = PBXBuildFile; fileRef = 51C5742424CBB9F900B211F8 /* Catamaran-Black.ttf */; };
		51C5742E24CBB9F900B211F8 /* Catamaran-Light.ttf in Resources */ = {isa = PBXBuildFile; fileRef = 51C5742524CBB9F900B211F8 /* Catamaran-Light.ttf */; };
		51C5742F24CBB9F900B211F8 /* Catamaran-Medium.ttf in Resources */ = {isa = PBXBuildFile; fileRef = 51C5742624CBB9F900B211F8 /* Catamaran-Medium.ttf */; };
		51C5743024CBB9F900B211F8 /* Catamaran-SemiBold.ttf in Resources */ = {isa = PBXBuildFile; fileRef = 51C5742724CBB9F900B211F8 /* Catamaran-SemiBold.ttf */; };
		51C5743124CBB9F900B211F8 /* Catamaran-Regular.ttf in Resources */ = {isa = PBXBuildFile; fileRef = 51C5742824CBB9F900B211F8 /* Catamaran-Regular.ttf */; };
		51C5743624CBBA5600B211F8 /* QuattrocentoSans-Bold.ttf in Resources */ = {isa = PBXBuildFile; fileRef = 51C5743224CBBA5600B211F8 /* QuattrocentoSans-Bold.ttf */; };
		51C5743724CBBA5600B211F8 /* QuattrocentoSans-BoldItalic.ttf in Resources */ = {isa = PBXBuildFile; fileRef = 51C5743324CBBA5600B211F8 /* QuattrocentoSans-BoldItalic.ttf */; };
		51C5743824CBBA5600B211F8 /* QuattrocentoSans-Italic.ttf in Resources */ = {isa = PBXBuildFile; fileRef = 51C5743424CBBA5600B211F8 /* QuattrocentoSans-Italic.ttf */; };
		51C5743924CBBA5600B211F8 /* QuattrocentoSans-Regular.ttf in Resources */ = {isa = PBXBuildFile; fileRef = 51C5743524CBBA5600B211F8 /* QuattrocentoSans-Regular.ttf */; };
		51E4C4A024A1A781004834C8 /* StringHelperFunctions.swift in Sources */ = {isa = PBXBuildFile; fileRef = 51E4C49F24A1A781004834C8 /* StringHelperFunctions.swift */; };
		D60BA2D023FCF4D700B3E6BF /* CustomTextField.swift in Sources */ = {isa = PBXBuildFile; fileRef = D60BA2CF23FCF4D700B3E6BF /* CustomTextField.swift */; };
		D60BA2D223FCF80D00B3E6BF /* CustomButton.swift in Sources */ = {isa = PBXBuildFile; fileRef = D60BA2D123FCF80D00B3E6BF /* CustomButton.swift */; };
		D60BA2D523FF79AD00B3E6BF /* KeychainSwift in Frameworks */ = {isa = PBXBuildFile; productRef = D60BA2D423FF79AD00B3E6BF /* KeychainSwift */; };
		D60BA2DD2402F51A00B3E6BF /* DashboardViewController.swift in Sources */ = {isa = PBXBuildFile; fileRef = D60BA2DC2402F51A00B3E6BF /* DashboardViewController.swift */; };
		D631B2712415BB0900AE30C9 /* StandardBMIViewController.swift in Sources */ = {isa = PBXBuildFile; fileRef = D631B2702415BB0900AE30C9 /* StandardBMIViewController.swift */; };
		D631B2732415BB1500AE30C9 /* MetricBMIViewController.swift in Sources */ = {isa = PBXBuildFile; fileRef = D631B2722415BB1500AE30C9 /* MetricBMIViewController.swift */; };
		D631B2752415BE7A00AE30C9 /* BMIType.swift in Sources */ = {isa = PBXBuildFile; fileRef = D631B2742415BE7A00AE30C9 /* BMIType.swift */; };
		D631B2792417205300AE30C9 /* Notifications.swift in Sources */ = {isa = PBXBuildFile; fileRef = D631B2782417205300AE30C9 /* Notifications.swift */; };
		D631B27D241878B100AE30C9 /* ActivityLevel.swift in Sources */ = {isa = PBXBuildFile; fileRef = D631B27C241878B100AE30C9 /* ActivityLevel.swift */; };
		D631B27F2418790100AE30C9 /* ActivityLevelViewController.swift in Sources */ = {isa = PBXBuildFile; fileRef = D631B27E2418790100AE30C9 /* ActivityLevelViewController.swift */; };
		D631B2812418795300AE30C9 /* ActivityLevelTableViewCell.swift in Sources */ = {isa = PBXBuildFile; fileRef = D631B2802418795300AE30C9 /* ActivityLevelTableViewCell.swift */; };
		D631B287241891DD00AE30C9 /* UserProfile.swift in Sources */ = {isa = PBXBuildFile; fileRef = D631B286241891DD00AE30C9 /* UserProfile.swift */; };
		D68C701E23F25400008AFDF0 /* AppDelegate.swift in Sources */ = {isa = PBXBuildFile; fileRef = D68C701D23F25400008AFDF0 /* AppDelegate.swift */; };
		D68C702023F25400008AFDF0 /* SceneDelegate.swift in Sources */ = {isa = PBXBuildFile; fileRef = D68C701F23F25400008AFDF0 /* SceneDelegate.swift */; };
		D68C702223F25400008AFDF0 /* RegisterViewController.swift in Sources */ = {isa = PBXBuildFile; fileRef = D68C702123F25400008AFDF0 /* RegisterViewController.swift */; };
		D68C702523F25400008AFDF0 /* Main.storyboard in Resources */ = {isa = PBXBuildFile; fileRef = D68C702323F25400008AFDF0 /* Main.storyboard */; };
		D68C702723F25402008AFDF0 /* Assets.xcassets in Resources */ = {isa = PBXBuildFile; fileRef = D68C702623F25402008AFDF0 /* Assets.xcassets */; };
		D68C702A23F25402008AFDF0 /* LaunchScreen.storyboard in Resources */ = {isa = PBXBuildFile; fileRef = D68C702823F25402008AFDF0 /* LaunchScreen.storyboard */; };
		D68C703B23F3B14D008AFDF0 /* LoginViewController.swift in Sources */ = {isa = PBXBuildFile; fileRef = D68C703A23F3B14D008AFDF0 /* LoginViewController.swift */; };
		D68C706023FABE25008AFDF0 /* MainAppWelcomeViewController.swift in Sources */ = {isa = PBXBuildFile; fileRef = D68C705F23FABE25008AFDF0 /* MainAppWelcomeViewController.swift */; };
		D69E8C6524207A2000B536A6 /* NetworkError.swift in Sources */ = {isa = PBXBuildFile; fileRef = D69E8C6424207A2000B536A6 /* NetworkError.swift */; };
		D6A1CC2424076FF000477429 /* Muli-ExtraBold.ttf in Resources */ = {isa = PBXBuildFile; fileRef = D6A1CC1C24076FEF00477429 /* Muli-ExtraBold.ttf */; };
		D6A1CC2524076FF000477429 /* Muli-Bold.ttf in Resources */ = {isa = PBXBuildFile; fileRef = D6A1CC1D24076FEF00477429 /* Muli-Bold.ttf */; };
		D6A1CC2624076FF000477429 /* Muli-Black.ttf in Resources */ = {isa = PBXBuildFile; fileRef = D6A1CC1E24076FEF00477429 /* Muli-Black.ttf */; };
		D6A1CC2724076FF000477429 /* Muli-SemiBold.ttf in Resources */ = {isa = PBXBuildFile; fileRef = D6A1CC1F24076FF000477429 /* Muli-SemiBold.ttf */; };
		D6A1CC2824076FF000477429 /* Muli-Medium.ttf in Resources */ = {isa = PBXBuildFile; fileRef = D6A1CC2024076FF000477429 /* Muli-Medium.ttf */; };
		D6A1CC2924076FF000477429 /* Muli-Light.ttf in Resources */ = {isa = PBXBuildFile; fileRef = D6A1CC2124076FF000477429 /* Muli-Light.ttf */; };
		D6A1CC2A24076FF000477429 /* Muli-ExtraLight.ttf in Resources */ = {isa = PBXBuildFile; fileRef = D6A1CC2224076FF000477429 /* Muli-ExtraLight.ttf */; };
		D6A1CC2B24076FF000477429 /* Muli-Regular.ttf in Resources */ = {isa = PBXBuildFile; fileRef = D6A1CC2324076FF000477429 /* Muli-Regular.ttf */; };
		D6A1CC2D24077D8700477429 /* GettingPersonalViewController.swift in Sources */ = {isa = PBXBuildFile; fileRef = D6A1CC2C24077D8700477429 /* GettingPersonalViewController.swift */; };
		D6A1CC33240B38E800477429 /* CalculateBMIViewController.swift in Sources */ = {isa = PBXBuildFile; fileRef = D6A1CC32240B38E800477429 /* CalculateBMIViewController.swift */; };
		D6A1CC3D240B601700477429 /* ProfileCreationController.swift in Sources */ = {isa = PBXBuildFile; fileRef = D6A1CC3C240B601700477429 /* ProfileCreationController.swift */; };
/* End PBXBuildFile section */

/* Begin PBXFileReference section */
		4C39A97F244E9DDA00AAA74E /* FoodSearchTableViewController.swift */ = {isa = PBXFileReference; lastKnownFileType = sourcecode.swift; path = FoodSearchTableViewController.swift; sourceTree = "<group>"; };
		4C82D27824529C1B005E83F2 /* NutrientDetails.swift */ = {isa = PBXFileReference; lastKnownFileType = sourcecode.swift; path = NutrientDetails.swift; sourceTree = "<group>"; };
		4C89A9ED24400F1100348B5A /* FoodDetailViewController.swift */ = {isa = PBXFileReference; lastKnownFileType = sourcecode.swift; path = FoodDetailViewController.swift; sourceTree = "<group>"; };
		4C89A9F12440105500348B5A /* Base */ = {isa = PBXFileReference; lastKnownFileType = file.storyboard; name = Base; path = "Nutrition Tracker/Base.lproj/Dashboard.storyboard"; sourceTree = "<group>"; };
		4C89A9F3244010E500348B5A /* Profile.storyboard */ = {isa = PBXFileReference; fileEncoding = 4; lastKnownFileType = file.storyboard; path = Profile.storyboard; sourceTree = "<group>"; };
		4C89A9F62440134500348B5A /* Base */ = {isa = PBXFileReference; lastKnownFileType = file.storyboard; name = Base; path = "Nutrition Tracker/Base.lproj/SignIn.storyboard"; sourceTree = "<group>"; };
		4C89A9F82440137200348B5A /* Signup.storyboard */ = {isa = PBXFileReference; fileEncoding = 4; lastKnownFileType = file.storyboard; path = Signup.storyboard; sourceTree = "<group>"; };
		4C9F30B82452804A00CE14CA /* HTTPMethod.swift */ = {isa = PBXFileReference; lastKnownFileType = sourcecode.swift; path = HTTPMethod.swift; sourceTree = "<group>"; };
		4C9F30BC24528B8700CE14CA /* FoodSearchController.swift */ = {isa = PBXFileReference; lastKnownFileType = sourcecode.swift; path = FoodSearchController.swift; sourceTree = "<group>"; };
		4C9F30BE24528F1200CE14CA /* Food.swift */ = {isa = PBXFileReference; lastKnownFileType = sourcecode.swift; path = Food.swift; sourceTree = "<group>"; };
		510F0D7724CE5ECB00A5F312 /* DailyMacros.swift */ = {isa = PBXFileReference; lastKnownFileType = sourcecode.swift; path = DailyMacros.swift; sourceTree = "<group>"; };
		511285E424D368C30080127B /* MealTypeHeaderLabel.swift */ = {isa = PBXFileReference; lastKnownFileType = sourcecode.swift; path = MealTypeHeaderLabel.swift; sourceTree = "<group>"; };
		51257AE724A2E51200C744B7 /* UserAuthController.swift */ = {isa = PBXFileReference; lastKnownFileType = sourcecode.swift; path = UserAuthController.swift; sourceTree = "<group>"; };
		51257AEA24A2EE6600C744B7 /* UserAuth.swift */ = {isa = PBXFileReference; lastKnownFileType = sourcecode.swift; path = UserAuth.swift; sourceTree = "<group>"; };
		512970C224B1324900315C7B /* RingsAndMacrosView.swift */ = {isa = PBXFileReference; lastKnownFileType = sourcecode.swift; path = RingsAndMacrosView.swift; sourceTree = "<group>"; };
		512C3FE624CFCD6C00B542B3 /* FoodLogEntry.swift */ = {isa = PBXFileReference; lastKnownFileType = sourcecode.swift; path = FoodLogEntry.swift; sourceTree = "<group>"; };
		512C3FE924CFD1B700B542B3 /* FoodLog.swift */ = {isa = PBXFileReference; lastKnownFileType = sourcecode.swift; path = FoodLog.swift; sourceTree = "<group>"; };
		512F486924D4AA0100EA128D /* Gaoel.ttf */ = {isa = PBXFileReference; lastKnownFileType = file; path = Gaoel.ttf; sourceTree = "<group>"; };
		5130B83224A7043F00946B41 /* NutritionLabel.swift */ = {isa = PBXFileReference; lastKnownFileType = sourcecode.swift; path = NutritionLabel.swift; sourceTree = "<group>"; };
		51363F9D24A975F5001432F7 /* FadedScrollViews.swift */ = {isa = PBXFileReference; lastKnownFileType = sourcecode.swift; path = FadedScrollViews.swift; sourceTree = "<group>"; };
		5139531C24A3D10E00CDF5F1 /* QuoteController.swift */ = {isa = PBXFileReference; lastKnownFileType = sourcecode.swift; path = QuoteController.swift; sourceTree = "<group>"; };
		5139531E24A3D3F700CDF5F1 /* Quote.swift */ = {isa = PBXFileReference; lastKnownFileType = sourcecode.swift; path = Quote.swift; sourceTree = "<group>"; };
		5139532024A3E14E00CDF5F1 /* Muli-LightItalic.ttf */ = {isa = PBXFileReference; lastKnownFileType = file; path = "Muli-LightItalic.ttf"; sourceTree = "<group>"; };
		5139532124A3E14E00CDF5F1 /* Muli-MediumItalic.ttf */ = {isa = PBXFileReference; lastKnownFileType = file; path = "Muli-MediumItalic.ttf"; sourceTree = "<group>"; };
		5139532424A3E16500CDF5F1 /* Muli-Italic-VariableFont_wght.ttf */ = {isa = PBXFileReference; lastKnownFileType = file; path = "Muli-Italic-VariableFont_wght.ttf"; sourceTree = "<group>"; };
		513B5801249703E600D127C6 /* BarcodeSearchViewController.swift */ = {isa = PBXFileReference; lastKnownFileType = sourcecode.swift; path = BarcodeSearchViewController.swift; sourceTree = "<group>"; };
		51450F9E24D110880065E0F0 /* UserDefaults.swift */ = {isa = PBXFileReference; lastKnownFileType = sourcecode.swift; path = UserDefaults.swift; sourceTree = "<group>"; };
		514D57F524CA275B008DCEEF /* UIViewExtensions.swift */ = {isa = PBXFileReference; lastKnownFileType = sourcecode.swift; path = UIViewExtensions.swift; sourceTree = "<group>"; };
		514EF50324D00B2E0097C309 /* DateFormatter.swift */ = {isa = PBXFileReference; lastKnownFileType = sourcecode.swift; path = DateFormatter.swift; sourceTree = "<group>"; };
		51503BEE24D287DE00643896 /* MealTypes.swift */ = {isa = PBXFileReference; lastKnownFileType = sourcecode.swift; path = MealTypes.swift; sourceTree = "<group>"; };
		5151E6CF24A7FA330071A609 /* FoodLogTableViewController.swift */ = {isa = PBXFileReference; lastKnownFileType = sourcecode.swift; path = FoodLogTableViewController.swift; sourceTree = "<group>"; };
		5151E6D224A7FB550071A609 /* FoodLogController.swift */ = {isa = PBXFileReference; lastKnownFileType = sourcecode.swift; path = FoodLogController.swift; sourceTree = "<group>"; };
		51C5742024CBB9F900B211F8 /* Catamaran-ExtraBold.ttf */ = {isa = PBXFileReference; lastKnownFileType = file; path = "Catamaran-ExtraBold.ttf"; sourceTree = "<group>"; };
		51C5742124CBB9F900B211F8 /* Catamaran-ExtraLight.ttf */ = {isa = PBXFileReference; lastKnownFileType = file; path = "Catamaran-ExtraLight.ttf"; sourceTree = "<group>"; };
		51C5742224CBB9F900B211F8 /* Catamaran-Thin.ttf */ = {isa = PBXFileReference; lastKnownFileType = file; path = "Catamaran-Thin.ttf"; sourceTree = "<group>"; };
		51C5742324CBB9F900B211F8 /* Catamaran-Bold.ttf */ = {isa = PBXFileReference; lastKnownFileType = file; path = "Catamaran-Bold.ttf"; sourceTree = "<group>"; };
		51C5742424CBB9F900B211F8 /* Catamaran-Black.ttf */ = {isa = PBXFileReference; lastKnownFileType = file; path = "Catamaran-Black.ttf"; sourceTree = "<group>"; };
		51C5742524CBB9F900B211F8 /* Catamaran-Light.ttf */ = {isa = PBXFileReference; lastKnownFileType = file; path = "Catamaran-Light.ttf"; sourceTree = "<group>"; };
		51C5742624CBB9F900B211F8 /* Catamaran-Medium.ttf */ = {isa = PBXFileReference; lastKnownFileType = file; path = "Catamaran-Medium.ttf"; sourceTree = "<group>"; };
		51C5742724CBB9F900B211F8 /* Catamaran-SemiBold.ttf */ = {isa = PBXFileReference; lastKnownFileType = file; path = "Catamaran-SemiBold.ttf"; sourceTree = "<group>"; };
		51C5742824CBB9F900B211F8 /* Catamaran-Regular.ttf */ = {isa = PBXFileReference; lastKnownFileType = file; path = "Catamaran-Regular.ttf"; sourceTree = "<group>"; };
		51C5743224CBBA5600B211F8 /* QuattrocentoSans-Bold.ttf */ = {isa = PBXFileReference; lastKnownFileType = file; path = "QuattrocentoSans-Bold.ttf"; sourceTree = "<group>"; };
		51C5743324CBBA5600B211F8 /* QuattrocentoSans-BoldItalic.ttf */ = {isa = PBXFileReference; lastKnownFileType = file; path = "QuattrocentoSans-BoldItalic.ttf"; sourceTree = "<group>"; };
		51C5743424CBBA5600B211F8 /* QuattrocentoSans-Italic.ttf */ = {isa = PBXFileReference; lastKnownFileType = file; path = "QuattrocentoSans-Italic.ttf"; sourceTree = "<group>"; };
		51C5743524CBBA5600B211F8 /* QuattrocentoSans-Regular.ttf */ = {isa = PBXFileReference; lastKnownFileType = file; path = "QuattrocentoSans-Regular.ttf"; sourceTree = "<group>"; };
		51E4C49F24A1A781004834C8 /* StringHelperFunctions.swift */ = {isa = PBXFileReference; lastKnownFileType = sourcecode.swift; path = StringHelperFunctions.swift; sourceTree = "<group>"; };
		D60BA2CF23FCF4D700B3E6BF /* CustomTextField.swift */ = {isa = PBXFileReference; lastKnownFileType = sourcecode.swift; path = CustomTextField.swift; sourceTree = "<group>"; };
		D60BA2D123FCF80D00B3E6BF /* CustomButton.swift */ = {isa = PBXFileReference; lastKnownFileType = sourcecode.swift; path = CustomButton.swift; sourceTree = "<group>"; };
		D60BA2DC2402F51A00B3E6BF /* DashboardViewController.swift */ = {isa = PBXFileReference; lastKnownFileType = sourcecode.swift; path = DashboardViewController.swift; sourceTree = "<group>"; };
		D631B2702415BB0900AE30C9 /* StandardBMIViewController.swift */ = {isa = PBXFileReference; lastKnownFileType = sourcecode.swift; path = StandardBMIViewController.swift; sourceTree = "<group>"; };
		D631B2722415BB1500AE30C9 /* MetricBMIViewController.swift */ = {isa = PBXFileReference; lastKnownFileType = sourcecode.swift; path = MetricBMIViewController.swift; sourceTree = "<group>"; };
		D631B2742415BE7A00AE30C9 /* BMIType.swift */ = {isa = PBXFileReference; lastKnownFileType = sourcecode.swift; path = BMIType.swift; sourceTree = "<group>"; };
		D631B2782417205300AE30C9 /* Notifications.swift */ = {isa = PBXFileReference; lastKnownFileType = sourcecode.swift; path = Notifications.swift; sourceTree = "<group>"; };
		D631B27C241878B100AE30C9 /* ActivityLevel.swift */ = {isa = PBXFileReference; lastKnownFileType = sourcecode.swift; path = ActivityLevel.swift; sourceTree = "<group>"; };
		D631B27E2418790100AE30C9 /* ActivityLevelViewController.swift */ = {isa = PBXFileReference; lastKnownFileType = sourcecode.swift; path = ActivityLevelViewController.swift; sourceTree = "<group>"; };
		D631B2802418795300AE30C9 /* ActivityLevelTableViewCell.swift */ = {isa = PBXFileReference; lastKnownFileType = sourcecode.swift; path = ActivityLevelTableViewCell.swift; sourceTree = "<group>"; };
		D631B286241891DD00AE30C9 /* UserProfile.swift */ = {isa = PBXFileReference; lastKnownFileType = sourcecode.swift; path = UserProfile.swift; sourceTree = "<group>"; };
		D68C701A23F25400008AFDF0 /* Nutrivurv.app */ = {isa = PBXFileReference; explicitFileType = wrapper.application; includeInIndex = 0; path = Nutrivurv.app; sourceTree = BUILT_PRODUCTS_DIR; };
		D68C701D23F25400008AFDF0 /* AppDelegate.swift */ = {isa = PBXFileReference; lastKnownFileType = sourcecode.swift; path = AppDelegate.swift; sourceTree = "<group>"; };
		D68C701F23F25400008AFDF0 /* SceneDelegate.swift */ = {isa = PBXFileReference; lastKnownFileType = sourcecode.swift; path = SceneDelegate.swift; sourceTree = "<group>"; };
		D68C702123F25400008AFDF0 /* RegisterViewController.swift */ = {isa = PBXFileReference; lastKnownFileType = sourcecode.swift; path = RegisterViewController.swift; sourceTree = "<group>"; };
		D68C702423F25400008AFDF0 /* Base */ = {isa = PBXFileReference; lastKnownFileType = file.storyboard; name = Base; path = Base.lproj/Main.storyboard; sourceTree = "<group>"; };
		D68C702623F25402008AFDF0 /* Assets.xcassets */ = {isa = PBXFileReference; lastKnownFileType = folder.assetcatalog; path = Assets.xcassets; sourceTree = "<group>"; };
		D68C702923F25402008AFDF0 /* Base */ = {isa = PBXFileReference; lastKnownFileType = file.storyboard; name = Base; path = Base.lproj/LaunchScreen.storyboard; sourceTree = "<group>"; };
		D68C702B23F25402008AFDF0 /* Info.plist */ = {isa = PBXFileReference; lastKnownFileType = text.plist.xml; path = Info.plist; sourceTree = "<group>"; };
		D68C703A23F3B14D008AFDF0 /* LoginViewController.swift */ = {isa = PBXFileReference; lastKnownFileType = sourcecode.swift; path = LoginViewController.swift; sourceTree = "<group>"; };
		D68C705F23FABE25008AFDF0 /* MainAppWelcomeViewController.swift */ = {isa = PBXFileReference; lastKnownFileType = sourcecode.swift; path = MainAppWelcomeViewController.swift; sourceTree = "<group>"; };
		D69E8C6424207A2000B536A6 /* NetworkError.swift */ = {isa = PBXFileReference; lastKnownFileType = sourcecode.swift; path = NetworkError.swift; sourceTree = "<group>"; };
		D6A1CC1C24076FEF00477429 /* Muli-ExtraBold.ttf */ = {isa = PBXFileReference; lastKnownFileType = file; path = "Muli-ExtraBold.ttf"; sourceTree = "<group>"; };
		D6A1CC1D24076FEF00477429 /* Muli-Bold.ttf */ = {isa = PBXFileReference; lastKnownFileType = file; path = "Muli-Bold.ttf"; sourceTree = "<group>"; };
		D6A1CC1E24076FEF00477429 /* Muli-Black.ttf */ = {isa = PBXFileReference; lastKnownFileType = file; path = "Muli-Black.ttf"; sourceTree = "<group>"; };
		D6A1CC1F24076FF000477429 /* Muli-SemiBold.ttf */ = {isa = PBXFileReference; lastKnownFileType = file; path = "Muli-SemiBold.ttf"; sourceTree = "<group>"; };
		D6A1CC2024076FF000477429 /* Muli-Medium.ttf */ = {isa = PBXFileReference; lastKnownFileType = file; path = "Muli-Medium.ttf"; sourceTree = "<group>"; };
		D6A1CC2124076FF000477429 /* Muli-Light.ttf */ = {isa = PBXFileReference; lastKnownFileType = file; path = "Muli-Light.ttf"; sourceTree = "<group>"; };
		D6A1CC2224076FF000477429 /* Muli-ExtraLight.ttf */ = {isa = PBXFileReference; lastKnownFileType = file; path = "Muli-ExtraLight.ttf"; sourceTree = "<group>"; };
		D6A1CC2324076FF000477429 /* Muli-Regular.ttf */ = {isa = PBXFileReference; lastKnownFileType = file; path = "Muli-Regular.ttf"; sourceTree = "<group>"; };
		D6A1CC2C24077D8700477429 /* GettingPersonalViewController.swift */ = {isa = PBXFileReference; lastKnownFileType = sourcecode.swift; path = GettingPersonalViewController.swift; sourceTree = "<group>"; };
		D6A1CC32240B38E800477429 /* CalculateBMIViewController.swift */ = {isa = PBXFileReference; lastKnownFileType = sourcecode.swift; path = CalculateBMIViewController.swift; sourceTree = "<group>"; };
		D6A1CC3C240B601700477429 /* ProfileCreationController.swift */ = {isa = PBXFileReference; lastKnownFileType = sourcecode.swift; path = ProfileCreationController.swift; sourceTree = "<group>"; };
/* End PBXFileReference section */

/* Begin PBXFrameworksBuildPhase section */
		D68C701723F25400008AFDF0 /* Frameworks */ = {
			isa = PBXFrameworksBuildPhase;
			buildActionMask = 2147483647;
			files = (
				D60BA2D523FF79AD00B3E6BF /* KeychainSwift in Frameworks */,
			);
			runOnlyForDeploymentPostprocessing = 0;
		};
/* End PBXFrameworksBuildPhase section */

/* Begin PBXGroup section */
		4C89A9EF24400F9000348B5A /* Profile Creation */ = {
			isa = PBXGroup;
			children = (
				51A186F524A3300200196C83 /* Model Controllers */,
				D68C703723F3B01A008AFDF0 /* Custom Views */,
				51A186F424A32FD100196C83 /* View Controllers */,
			);
			name = "Profile Creation";
			sourceTree = "<group>";
		};
		510F0D7624CE5E7400A5F312 /* SwiftUI Views and Models */ = {
			isa = PBXGroup;
			children = (
				512970C224B1324900315C7B /* RingsAndMacrosView.swift */,
				510F0D7724CE5ECB00A5F312 /* DailyMacros.swift */,
			);
			name = "SwiftUI Views and Models";
			sourceTree = "<group>";
		};
		511285E324D3689B0080127B /* Custom Global Views */ = {
			isa = PBXGroup;
			children = (
				51363F9D24A975F5001432F7 /* FadedScrollViews.swift */,
				511285E424D368C30080127B /* MealTypeHeaderLabel.swift */,
				D60BA2CF23FCF4D700B3E6BF /* CustomTextField.swift */,
				D60BA2D123FCF80D00B3E6BF /* CustomButton.swift */,
			);
			name = "Custom Global Views";
			sourceTree = "<group>";
		};
		51257AEE24A3285E00C744B7 /* Models */ = {
			isa = PBXGroup;
			children = (
				4C9F30BE24528F1200CE14CA /* Food.swift */,
				4C82D27824529C1B005E83F2 /* NutrientDetails.swift */,
			);
			name = Models;
			sourceTree = "<group>";
		};
		512C3FE824CFCD8100B542B3 /* Models */ = {
			isa = PBXGroup;
			children = (
				512C3FE624CFCD6C00B542B3 /* FoodLogEntry.swift */,
				512C3FE924CFD1B700B542B3 /* FoodLog.swift */,
				51503BEE24D287DE00643896 /* MealTypes.swift */,
			);
			name = Models;
			sourceTree = "<group>";
		};
		5130B83124A7042200946B41 /* Custom Views */ = {
			isa = PBXGroup;
			children = (
				5130B83224A7043F00946B41 /* NutritionLabel.swift */,
			);
			name = "Custom Views";
			sourceTree = "<group>";
		};
		5139531B24A3D0DD00CDF5F1 /* Daily Vibe Quote API */ = {
			isa = PBXGroup;
			children = (
				5139531E24A3D3F700CDF5F1 /* Quote.swift */,
				5139531C24A3D10E00CDF5F1 /* QuoteController.swift */,
			);
			name = "Daily Vibe Quote API";
			sourceTree = "<group>";
		};
		5151E6D124A7FB3E0071A609 /* Model Controllers */ = {
			isa = PBXGroup;
			children = (
				5151E6D224A7FB550071A609 /* FoodLogController.swift */,
			);
			name = "Model Controllers";
			sourceTree = "<group>";
		};
		51A186F424A32FD100196C83 /* View Controllers */ = {
			isa = PBXGroup;
			children = (
				D6A1CC32240B38E800477429 /* CalculateBMIViewController.swift */,
				D631B2702415BB0900AE30C9 /* StandardBMIViewController.swift */,
				D631B2722415BB1500AE30C9 /* MetricBMIViewController.swift */,
				D6A1CC2C24077D8700477429 /* GettingPersonalViewController.swift */,
				D631B27E2418790100AE30C9 /* ActivityLevelViewController.swift */,
			);
			name = "View Controllers";
			sourceTree = "<group>";
		};
		51A186F524A3300200196C83 /* Model Controllers */ = {
			isa = PBXGroup;
			children = (
				D6A1CC3C240B601700477429 /* ProfileCreationController.swift */,
			);
			name = "Model Controllers";
			sourceTree = "<group>";
		};
		51A186F624A3302A00196C83 /* Edamam & Nutrition Info */ = {
			isa = PBXGroup;
			children = (
				5130B83124A7042200946B41 /* Custom Views */,
				51257AEE24A3285E00C744B7 /* Models */,
				51A186F724A3305500196C83 /* Model Controllers */,
				51A186FC24A3319800196C83 /* View Controllers */,
			);
			name = "Edamam & Nutrition Info";
			sourceTree = "<group>";
		};
		51A186F724A3305500196C83 /* Model Controllers */ = {
			isa = PBXGroup;
			children = (
				4C9F30BC24528B8700CE14CA /* FoodSearchController.swift */,
			);
			name = "Model Controllers";
			sourceTree = "<group>";
		};
		51A186F824A3307400196C83 /* User Information */ = {
			isa = PBXGroup;
			children = (
				51A186F924A3308700196C83 /* Models */,
			);
			name = "User Information";
			sourceTree = "<group>";
		};
		51A186F924A3308700196C83 /* Models */ = {
			isa = PBXGroup;
			children = (
				51257AEA24A2EE6600C744B7 /* UserAuth.swift */,
				D631B286241891DD00AE30C9 /* UserProfile.swift */,
				D631B2742415BE7A00AE30C9 /* BMIType.swift */,
				D631B27C241878B100AE30C9 /* ActivityLevel.swift */,
			);
			name = Models;
			sourceTree = "<group>";
		};
		51A186FA24A3311600196C83 /* Login & Registration */ = {
			isa = PBXGroup;
			children = (
				D68C703823F3B025008AFDF0 /* Model Controllers */,
				51A186FB24A3315100196C83 /* View Controllers */,
			);
			name = "Login & Registration";
			sourceTree = "<group>";
		};
		51A186FB24A3315100196C83 /* View Controllers */ = {
			isa = PBXGroup;
			children = (
				D68C705F23FABE25008AFDF0 /* MainAppWelcomeViewController.swift */,
				D68C703A23F3B14D008AFDF0 /* LoginViewController.swift */,
				D68C702123F25400008AFDF0 /* RegisterViewController.swift */,
			);
			name = "View Controllers";
			sourceTree = "<group>";
		};
		51A186FC24A3319800196C83 /* View Controllers */ = {
			isa = PBXGroup;
			children = (
				4C39A97F244E9DDA00AAA74E /* FoodSearchTableViewController.swift */,
				4C89A9ED24400F1100348B5A /* FoodDetailViewController.swift */,
				513B5801249703E600D127C6 /* BarcodeSearchViewController.swift */,
			);
			name = "View Controllers";
			sourceTree = "<group>";
		};
		51A186FD24A331DC00196C83 /* Dashboard & In-App */ = {
			isa = PBXGroup;
			children = (
				512C3FE824CFCD8100B542B3 /* Models */,
				5151E6D124A7FB3E0071A609 /* Model Controllers */,
				510F0D7624CE5E7400A5F312 /* SwiftUI Views and Models */,
				5139531B24A3D0DD00CDF5F1 /* Daily Vibe Quote API */,
				51A186FE24A331F400196C83 /* View Controllers */,
			);
			name = "Dashboard & In-App";
			sourceTree = "<group>";
		};
		51A186FE24A331F400196C83 /* View Controllers */ = {
			isa = PBXGroup;
			children = (
				D60BA2DC2402F51A00B3E6BF /* DashboardViewController.swift */,
				5151E6CF24A7FA330071A609 /* FoodLogTableViewController.swift */,
			);
			name = "View Controllers";
			sourceTree = "<group>";
		};
		D60BA2C423FCDEDA00B3E6BF /* Fonts */ = {
			isa = PBXGroup;
			children = (
				512F486924D4AA0100EA128D /* Gaoel.ttf */,
				5139532424A3E16500CDF5F1 /* Muli-Italic-VariableFont_wght.ttf */,
				5139532024A3E14E00CDF5F1 /* Muli-LightItalic.ttf */,
				5139532124A3E14E00CDF5F1 /* Muli-MediumItalic.ttf */,
				D6A1CC1E24076FEF00477429 /* Muli-Black.ttf */,
				D6A1CC1D24076FEF00477429 /* Muli-Bold.ttf */,
				D6A1CC1C24076FEF00477429 /* Muli-ExtraBold.ttf */,
				D6A1CC2224076FF000477429 /* Muli-ExtraLight.ttf */,
				D6A1CC2124076FF000477429 /* Muli-Light.ttf */,
				D6A1CC2024076FF000477429 /* Muli-Medium.ttf */,
				D6A1CC2324076FF000477429 /* Muli-Regular.ttf */,
				D6A1CC1F24076FF000477429 /* Muli-SemiBold.ttf */,
				51C5742424CBB9F900B211F8 /* Catamaran-Black.ttf */,
				51C5742324CBB9F900B211F8 /* Catamaran-Bold.ttf */,
				51C5742024CBB9F900B211F8 /* Catamaran-ExtraBold.ttf */,
				51C5742124CBB9F900B211F8 /* Catamaran-ExtraLight.ttf */,
				51C5742524CBB9F900B211F8 /* Catamaran-Light.ttf */,
				51C5742624CBB9F900B211F8 /* Catamaran-Medium.ttf */,
				51C5742824CBB9F900B211F8 /* Catamaran-Regular.ttf */,
				51C5742724CBB9F900B211F8 /* Catamaran-SemiBold.ttf */,
				51C5742224CBB9F900B211F8 /* Catamaran-Thin.ttf */,
				51C5743224CBBA5600B211F8 /* QuattrocentoSans-Bold.ttf */,
				51C5743324CBBA5600B211F8 /* QuattrocentoSans-BoldItalic.ttf */,
				51C5743424CBBA5600B211F8 /* QuattrocentoSans-Italic.ttf */,
				51C5743524CBBA5600B211F8 /* QuattrocentoSans-Regular.ttf */,
			);
			name = Fonts;
			sourceTree = "<group>";
		};
		D631B2772417204000AE30C9 /* Utilities */ = {
			isa = PBXGroup;
			children = (
				D631B2782417205300AE30C9 /* Notifications.swift */,
				D69E8C6424207A2000B536A6 /* NetworkError.swift */,
				51E4C49F24A1A781004834C8 /* StringHelperFunctions.swift */,
				4C9F30B82452804A00CE14CA /* HTTPMethod.swift */,
				514EF50324D00B2E0097C309 /* DateFormatter.swift */,
				51450F9E24D110880065E0F0 /* UserDefaults.swift */,
				514D57F524CA275B008DCEEF /* UIViewExtensions.swift */,
			);
			name = Utilities;
			sourceTree = "<group>";
		};
		D68C701123F25400008AFDF0 = {
			isa = PBXGroup;
			children = (
				D68C701C23F25400008AFDF0 /* Nutrivurv */,
				D68C701B23F25400008AFDF0 /* Products */,
			);
			sourceTree = "<group>";
		};
		D68C701B23F25400008AFDF0 /* Products */ = {
			isa = PBXGroup;
			children = (
				D68C701A23F25400008AFDF0 /* Nutrivurv.app */,
			);
			name = Products;
			sourceTree = "<group>";
		};
		D68C701C23F25400008AFDF0 /* Nutrivurv */ = {
			isa = PBXGroup;
			children = (
				51A186F824A3307400196C83 /* User Information */,
				51A186FA24A3311600196C83 /* Login & Registration */,
				4C89A9EF24400F9000348B5A /* Profile Creation */,
				51A186FD24A331DC00196C83 /* Dashboard & In-App */,
				51A186F624A3302A00196C83 /* Edamam & Nutrition Info */,
				D68C703523F3B006008AFDF0 /* Storyboards */,
				D631B2772417204000AE30C9 /* Utilities */,
				511285E324D3689B0080127B /* Custom Global Views */,
				D68C703423F3AF07008AFDF0 /* Resources */,
				D60BA2C423FCDEDA00B3E6BF /* Fonts */,
			);
			path = Nutrivurv;
			sourceTree = "<group>";
		};
		D68C703423F3AF07008AFDF0 /* Resources */ = {
			isa = PBXGroup;
			children = (
				D68C701D23F25400008AFDF0 /* AppDelegate.swift */,
				D68C701F23F25400008AFDF0 /* SceneDelegate.swift */,
				D68C702623F25402008AFDF0 /* Assets.xcassets */,
				D68C702B23F25402008AFDF0 /* Info.plist */,
			);
			name = Resources;
			sourceTree = "<group>";
		};
		D68C703523F3B006008AFDF0 /* Storyboards */ = {
			isa = PBXGroup;
			children = (
				D68C702823F25402008AFDF0 /* LaunchScreen.storyboard */,
				D68C702323F25400008AFDF0 /* Main.storyboard */,
				4C89A9F52440134500348B5A /* SignIn.storyboard */,
				4C89A9F82440137200348B5A /* Signup.storyboard */,
				4C89A9F3244010E500348B5A /* Profile.storyboard */,
				4C89A9F02440105500348B5A /* Dashboard.storyboard */,
			);
			name = Storyboards;
			sourceTree = "<group>";
		};
		D68C703723F3B01A008AFDF0 /* Custom Views */ = {
			isa = PBXGroup;
			children = (
				D631B2802418795300AE30C9 /* ActivityLevelTableViewCell.swift */,
			);
			name = "Custom Views";
			sourceTree = "<group>";
		};
		D68C703823F3B025008AFDF0 /* Model Controllers */ = {
			isa = PBXGroup;
			children = (
				51257AE724A2E51200C744B7 /* UserAuthController.swift */,
			);
			name = "Model Controllers";
			sourceTree = "<group>";
		};
/* End PBXGroup section */

/* Begin PBXNativeTarget section */
		D68C701923F25400008AFDF0 /* Nutrivurv */ = {
			isa = PBXNativeTarget;
			buildConfigurationList = D68C702E23F25402008AFDF0 /* Build configuration list for PBXNativeTarget "Nutrivurv" */;
			buildPhases = (
				D68C701623F25400008AFDF0 /* Sources */,
				D68C701723F25400008AFDF0 /* Frameworks */,
				D68C701823F25400008AFDF0 /* Resources */,
			);
			buildRules = (
			);
			dependencies = (
			);
			name = Nutrivurv;
			packageProductDependencies = (
				D60BA2D423FF79AD00B3E6BF /* KeychainSwift */,
			);
			productName = "Nutrition Tracker";
			productReference = D68C701A23F25400008AFDF0 /* Nutrivurv.app */;
			productType = "com.apple.product-type.application";
		};
/* End PBXNativeTarget section */

/* Begin PBXProject section */
		D68C701223F25400008AFDF0 /* Project object */ = {
			isa = PBXProject;
			attributes = {
				CLASSPREFIX = "";
				LastSwiftUpdateCheck = 1130;
				LastUpgradeCheck = 1130;
				ORGANIZATIONNAME = "Lambda School";
				TargetAttributes = {
					D68C701923F25400008AFDF0 = {
						CreatedOnToolsVersion = 11.3.1;
					};
				};
			};
			buildConfigurationList = D68C701523F25400008AFDF0 /* Build configuration list for PBXProject "Nutrivurv" */;
			compatibilityVersion = "Xcode 9.3";
			developmentRegion = en;
			hasScannedForEncodings = 0;
			knownRegions = (
				en,
				Base,
			);
			mainGroup = D68C701123F25400008AFDF0;
			packageReferences = (
				D60BA2D323FF79AC00B3E6BF /* XCRemoteSwiftPackageReference "keychain-swift" */,
			);
			productRefGroup = D68C701B23F25400008AFDF0 /* Products */;
			projectDirPath = "";
			projectRoot = "";
			targets = (
				D68C701923F25400008AFDF0 /* Nutrivurv */,
			);
		};
/* End PBXProject section */

/* Begin PBXResourcesBuildPhase section */
		D68C701823F25400008AFDF0 /* Resources */ = {
			isa = PBXResourcesBuildPhase;
			buildActionMask = 2147483647;
			files = (
				51C5742C24CBB9F900B211F8 /* Catamaran-Bold.ttf in Resources */,
				51C5742D24CBB9F900B211F8 /* Catamaran-Black.ttf in Resources */,
				D68C702A23F25402008AFDF0 /* LaunchScreen.storyboard in Resources */,
				4C89A9F22440105500348B5A /* Dashboard.storyboard in Resources */,
				51C5742E24CBB9F900B211F8 /* Catamaran-Light.ttf in Resources */,
				51C5742B24CBB9F900B211F8 /* Catamaran-Thin.ttf in Resources */,
				5139532224A3E14E00CDF5F1 /* Muli-LightItalic.ttf in Resources */,
				D6A1CC2B24076FF000477429 /* Muli-Regular.ttf in Resources */,
				D6A1CC2624076FF000477429 /* Muli-Black.ttf in Resources */,
				51C5743624CBBA5600B211F8 /* QuattrocentoSans-Bold.ttf in Resources */,
				4C89A9F72440134500348B5A /* SignIn.storyboard in Resources */,
				5139532524A3E16500CDF5F1 /* Muli-Italic-VariableFont_wght.ttf in Resources */,
				4C89A9F4244010E500348B5A /* Profile.storyboard in Resources */,
				512F486A24D4AA0100EA128D /* Gaoel.ttf in Resources */,
				D6A1CC2A24076FF000477429 /* Muli-ExtraLight.ttf in Resources */,
				51C5743724CBBA5600B211F8 /* QuattrocentoSans-BoldItalic.ttf in Resources */,
				D6A1CC2724076FF000477429 /* Muli-SemiBold.ttf in Resources */,
				5139532324A3E14E00CDF5F1 /* Muli-MediumItalic.ttf in Resources */,
				D68C702723F25402008AFDF0 /* Assets.xcassets in Resources */,
				51C5743024CBB9F900B211F8 /* Catamaran-SemiBold.ttf in Resources */,
				D68C702523F25400008AFDF0 /* Main.storyboard in Resources */,
				51C5742A24CBB9F900B211F8 /* Catamaran-ExtraLight.ttf in Resources */,
				51C5742F24CBB9F900B211F8 /* Catamaran-Medium.ttf in Resources */,
				D6A1CC2524076FF000477429 /* Muli-Bold.ttf in Resources */,
				51C5743124CBB9F900B211F8 /* Catamaran-Regular.ttf in Resources */,
				D6A1CC2424076FF000477429 /* Muli-ExtraBold.ttf in Resources */,
				51C5743924CBBA5600B211F8 /* QuattrocentoSans-Regular.ttf in Resources */,
				51C5742924CBB9F900B211F8 /* Catamaran-ExtraBold.ttf in Resources */,
				51C5743824CBBA5600B211F8 /* QuattrocentoSans-Italic.ttf in Resources */,
				D6A1CC2924076FF000477429 /* Muli-Light.ttf in Resources */,
				4C89A9F92440137200348B5A /* Signup.storyboard in Resources */,
				D6A1CC2824076FF000477429 /* Muli-Medium.ttf in Resources */,
			);
			runOnlyForDeploymentPostprocessing = 0;
		};
/* End PBXResourcesBuildPhase section */

/* Begin PBXSourcesBuildPhase section */
		D68C701623F25400008AFDF0 /* Sources */ = {
			isa = PBXSourcesBuildPhase;
			buildActionMask = 2147483647;
			files = (
				D631B2792417205300AE30C9 /* Notifications.swift in Sources */,
				51450F9F24D110880065E0F0 /* UserDefaults.swift in Sources */,
				511285E524D368C30080127B /* MealTypeHeaderLabel.swift in Sources */,
				D631B287241891DD00AE30C9 /* UserProfile.swift in Sources */,
				5139531D24A3D10E00CDF5F1 /* QuoteController.swift in Sources */,
				D60BA2DD2402F51A00B3E6BF /* DashboardViewController.swift in Sources */,
				4C9F30BD24528B8700CE14CA /* FoodSearchController.swift in Sources */,
				513B5802249703E600D127C6 /* BarcodeSearchViewController.swift in Sources */,
				D60BA2D223FCF80D00B3E6BF /* CustomButton.swift in Sources */,
				D68C706023FABE25008AFDF0 /* MainAppWelcomeViewController.swift in Sources */,
				D68C702223F25400008AFDF0 /* RegisterViewController.swift in Sources */,
				512C3FE724CFCD6C00B542B3 /* FoodLogEntry.swift in Sources */,
				512C3FEA24CFD1B700B542B3 /* FoodLog.swift in Sources */,
				514D57F624CA275B008DCEEF /* UIViewExtensions.swift in Sources */,
				5139531F24A3D3F700CDF5F1 /* Quote.swift in Sources */,
				5151E6D024A7FA330071A609 /* FoodLogTableViewController.swift in Sources */,
				4C82D27924529C1B005E83F2 /* NutrientDetails.swift in Sources */,
				51257AE824A2E51200C744B7 /* UserAuthController.swift in Sources */,
				4C39A980244E9DDA00AAA74E /* FoodSearchTableViewController.swift in Sources */,
				D631B2752415BE7A00AE30C9 /* BMIType.swift in Sources */,
				D631B2732415BB1500AE30C9 /* MetricBMIViewController.swift in Sources */,
				512970C324B1324900315C7B /* RingsAndMacrosView.swift in Sources */,
				D631B27F2418790100AE30C9 /* ActivityLevelViewController.swift in Sources */,
				51503BEF24D287DE00643896 /* MealTypes.swift in Sources */,
				D68C701E23F25400008AFDF0 /* AppDelegate.swift in Sources */,
				510F0D7824CE5ECB00A5F312 /* DailyMacros.swift in Sources */,
				D68C703B23F3B14D008AFDF0 /* LoginViewController.swift in Sources */,
				514EF50424D00B2E0097C309 /* DateFormatter.swift in Sources */,
				4C9F30BF24528F1200CE14CA /* Food.swift in Sources */,
				4C9F30B92452804A00CE14CA /* HTTPMethod.swift in Sources */,
				D631B27D241878B100AE30C9 /* ActivityLevel.swift in Sources */,
				D6A1CC33240B38E800477429 /* CalculateBMIViewController.swift in Sources */,
				D68C702023F25400008AFDF0 /* SceneDelegate.swift in Sources */,
				D631B2712415BB0900AE30C9 /* StandardBMIViewController.swift in Sources */,
				D6A1CC2D24077D8700477429 /* GettingPersonalViewController.swift in Sources */,
				51E4C4A024A1A781004834C8 /* StringHelperFunctions.swift in Sources */,
				D60BA2D023FCF4D700B3E6BF /* CustomTextField.swift in Sources */,
				51257AEB24A2EE6600C744B7 /* UserAuth.swift in Sources */,
				D69E8C6524207A2000B536A6 /* NetworkError.swift in Sources */,
				5151E6D324A7FB550071A609 /* FoodLogController.swift in Sources */,
				4C89A9EE24400F1100348B5A /* FoodDetailViewController.swift in Sources */,
				D631B2812418795300AE30C9 /* ActivityLevelTableViewCell.swift in Sources */,
				5130B83324A7043F00946B41 /* NutritionLabel.swift in Sources */,
				51363F9E24A975F5001432F7 /* FadedScrollViews.swift in Sources */,
				D6A1CC3D240B601700477429 /* ProfileCreationController.swift in Sources */,
			);
			runOnlyForDeploymentPostprocessing = 0;
		};
/* End PBXSourcesBuildPhase section */

/* Begin PBXVariantGroup section */
		4C89A9F02440105500348B5A /* Dashboard.storyboard */ = {
			isa = PBXVariantGroup;
			children = (
				4C89A9F12440105500348B5A /* Base */,
			);
			name = Dashboard.storyboard;
			sourceTree = "<group>";
		};
		4C89A9F52440134500348B5A /* SignIn.storyboard */ = {
			isa = PBXVariantGroup;
			children = (
				4C89A9F62440134500348B5A /* Base */,
			);
			name = SignIn.storyboard;
			sourceTree = "<group>";
		};
		D68C702323F25400008AFDF0 /* Main.storyboard */ = {
			isa = PBXVariantGroup;
			children = (
				D68C702423F25400008AFDF0 /* Base */,
			);
			name = Main.storyboard;
			sourceTree = "<group>";
		};
		D68C702823F25402008AFDF0 /* LaunchScreen.storyboard */ = {
			isa = PBXVariantGroup;
			children = (
				D68C702923F25402008AFDF0 /* Base */,
			);
			name = LaunchScreen.storyboard;
			sourceTree = "<group>";
		};
/* End PBXVariantGroup section */

/* Begin XCBuildConfiguration section */
		D68C702C23F25402008AFDF0 /* Debug */ = {
			isa = XCBuildConfiguration;
			buildSettings = {
				ALWAYS_SEARCH_USER_PATHS = NO;
				CLANG_ANALYZER_NONNULL = YES;
				CLANG_ANALYZER_NUMBER_OBJECT_CONVERSION = YES_AGGRESSIVE;
				CLANG_CXX_LANGUAGE_STANDARD = "gnu++14";
				CLANG_CXX_LIBRARY = "libc++";
				CLANG_ENABLE_MODULES = YES;
				CLANG_ENABLE_OBJC_ARC = YES;
				CLANG_ENABLE_OBJC_WEAK = YES;
				CLANG_WARN_BLOCK_CAPTURE_AUTORELEASING = YES;
				CLANG_WARN_BOOL_CONVERSION = YES;
				CLANG_WARN_COMMA = YES;
				CLANG_WARN_CONSTANT_CONVERSION = YES;
				CLANG_WARN_DEPRECATED_OBJC_IMPLEMENTATIONS = YES;
				CLANG_WARN_DIRECT_OBJC_ISA_USAGE = YES_ERROR;
				CLANG_WARN_DOCUMENTATION_COMMENTS = YES;
				CLANG_WARN_EMPTY_BODY = YES;
				CLANG_WARN_ENUM_CONVERSION = YES;
				CLANG_WARN_INFINITE_RECURSION = YES;
				CLANG_WARN_INT_CONVERSION = YES;
				CLANG_WARN_NON_LITERAL_NULL_CONVERSION = YES;
				CLANG_WARN_OBJC_IMPLICIT_RETAIN_SELF = YES;
				CLANG_WARN_OBJC_LITERAL_CONVERSION = YES;
				CLANG_WARN_OBJC_ROOT_CLASS = YES_ERROR;
				CLANG_WARN_RANGE_LOOP_ANALYSIS = YES;
				CLANG_WARN_STRICT_PROTOTYPES = YES;
				CLANG_WARN_SUSPICIOUS_MOVE = YES;
				CLANG_WARN_UNGUARDED_AVAILABILITY = YES_AGGRESSIVE;
				CLANG_WARN_UNREACHABLE_CODE = YES;
				CLANG_WARN__DUPLICATE_METHOD_MATCH = YES;
				COPY_PHASE_STRIP = NO;
				DEBUG_INFORMATION_FORMAT = dwarf;
				ENABLE_STRICT_OBJC_MSGSEND = YES;
				ENABLE_TESTABILITY = YES;
				GCC_C_LANGUAGE_STANDARD = gnu11;
				GCC_DYNAMIC_NO_PIC = NO;
				GCC_NO_COMMON_BLOCKS = YES;
				GCC_OPTIMIZATION_LEVEL = 0;
				GCC_PREPROCESSOR_DEFINITIONS = (
					"DEBUG=1",
					"$(inherited)",
				);
				GCC_WARN_64_TO_32_BIT_CONVERSION = YES;
				GCC_WARN_ABOUT_RETURN_TYPE = YES_ERROR;
				GCC_WARN_UNDECLARED_SELECTOR = YES;
				GCC_WARN_UNINITIALIZED_AUTOS = YES_AGGRESSIVE;
				GCC_WARN_UNUSED_FUNCTION = YES;
				GCC_WARN_UNUSED_VARIABLE = YES;
				IPHONEOS_DEPLOYMENT_TARGET = 13.2;
				MTL_ENABLE_DEBUG_INFO = INCLUDE_SOURCE;
				MTL_FAST_MATH = YES;
				ONLY_ACTIVE_ARCH = YES;
				SDKROOT = iphoneos;
				SWIFT_ACTIVE_COMPILATION_CONDITIONS = DEBUG;
				SWIFT_OPTIMIZATION_LEVEL = "-Onone";
			};
			name = Debug;
		};
		D68C702D23F25402008AFDF0 /* Release */ = {
			isa = XCBuildConfiguration;
			buildSettings = {
				ALWAYS_SEARCH_USER_PATHS = NO;
				CLANG_ANALYZER_NONNULL = YES;
				CLANG_ANALYZER_NUMBER_OBJECT_CONVERSION = YES_AGGRESSIVE;
				CLANG_CXX_LANGUAGE_STANDARD = "gnu++14";
				CLANG_CXX_LIBRARY = "libc++";
				CLANG_ENABLE_MODULES = YES;
				CLANG_ENABLE_OBJC_ARC = YES;
				CLANG_ENABLE_OBJC_WEAK = YES;
				CLANG_WARN_BLOCK_CAPTURE_AUTORELEASING = YES;
				CLANG_WARN_BOOL_CONVERSION = YES;
				CLANG_WARN_COMMA = YES;
				CLANG_WARN_CONSTANT_CONVERSION = YES;
				CLANG_WARN_DEPRECATED_OBJC_IMPLEMENTATIONS = YES;
				CLANG_WARN_DIRECT_OBJC_ISA_USAGE = YES_ERROR;
				CLANG_WARN_DOCUMENTATION_COMMENTS = YES;
				CLANG_WARN_EMPTY_BODY = YES;
				CLANG_WARN_ENUM_CONVERSION = YES;
				CLANG_WARN_INFINITE_RECURSION = YES;
				CLANG_WARN_INT_CONVERSION = YES;
				CLANG_WARN_NON_LITERAL_NULL_CONVERSION = YES;
				CLANG_WARN_OBJC_IMPLICIT_RETAIN_SELF = YES;
				CLANG_WARN_OBJC_LITERAL_CONVERSION = YES;
				CLANG_WARN_OBJC_ROOT_CLASS = YES_ERROR;
				CLANG_WARN_RANGE_LOOP_ANALYSIS = YES;
				CLANG_WARN_STRICT_PROTOTYPES = YES;
				CLANG_WARN_SUSPICIOUS_MOVE = YES;
				CLANG_WARN_UNGUARDED_AVAILABILITY = YES_AGGRESSIVE;
				CLANG_WARN_UNREACHABLE_CODE = YES;
				CLANG_WARN__DUPLICATE_METHOD_MATCH = YES;
				COPY_PHASE_STRIP = NO;
				DEBUG_INFORMATION_FORMAT = "dwarf-with-dsym";
				ENABLE_NS_ASSERTIONS = NO;
				ENABLE_STRICT_OBJC_MSGSEND = YES;
				GCC_C_LANGUAGE_STANDARD = gnu11;
				GCC_NO_COMMON_BLOCKS = YES;
				GCC_WARN_64_TO_32_BIT_CONVERSION = YES;
				GCC_WARN_ABOUT_RETURN_TYPE = YES_ERROR;
				GCC_WARN_UNDECLARED_SELECTOR = YES;
				GCC_WARN_UNINITIALIZED_AUTOS = YES_AGGRESSIVE;
				GCC_WARN_UNUSED_FUNCTION = YES;
				GCC_WARN_UNUSED_VARIABLE = YES;
				IPHONEOS_DEPLOYMENT_TARGET = 13.2;
				MTL_ENABLE_DEBUG_INFO = NO;
				MTL_FAST_MATH = YES;
				SDKROOT = iphoneos;
				SWIFT_COMPILATION_MODE = wholemodule;
				SWIFT_OPTIMIZATION_LEVEL = "-O";
				VALIDATE_PRODUCT = YES;
			};
			name = Release;
		};
		D68C702F23F25402008AFDF0 /* Debug */ = {
			isa = XCBuildConfiguration;
			buildSettings = {
				ASSETCATALOG_COMPILER_APPICON_NAME = AppIcon;
				CODE_SIGN_IDENTITY = "Apple Development";
				CODE_SIGN_STYLE = Automatic;
				CURRENT_PROJECT_VERSION = 10;
				DEVELOPMENT_TEAM = B22A9UYX67;
				INFOPLIST_FILE = Nutrivurv/Info.plist;
				LD_RUNPATH_SEARCH_PATHS = (
					"$(inherited)",
					"@executable_path/Frameworks",
				);
				PRODUCT_BUNDLE_IDENTIFIER = com.lambdalabs.nutrivurv;
				PRODUCT_NAME = Nutrivurv;
				PROVISIONING_PROFILE_SPECIFIER = "";
				SWIFT_VERSION = 5.0;
				TARGETED_DEVICE_FAMILY = 1;
			};
			name = Debug;
		};
		D68C703023F25402008AFDF0 /* Release */ = {
			isa = XCBuildConfiguration;
			buildSettings = {
				ASSETCATALOG_COMPILER_APPICON_NAME = AppIcon;
				CODE_SIGN_IDENTITY = "Apple Development";
				CODE_SIGN_STYLE = Automatic;
				CURRENT_PROJECT_VERSION = 10;
				DEVELOPMENT_TEAM = B22A9UYX67;
				INFOPLIST_FILE = Nutrivurv/Info.plist;
				LD_RUNPATH_SEARCH_PATHS = (
					"$(inherited)",
					"@executable_path/Frameworks",
				);
				PRODUCT_BUNDLE_IDENTIFIER = com.lambdalabs.nutrivurv;
				PRODUCT_NAME = Nutrivurv;
				PROVISIONING_PROFILE_SPECIFIER = "";
				SWIFT_VERSION = 5.0;
				TARGETED_DEVICE_FAMILY = 1;
			};
			name = Release;
		};
/* End XCBuildConfiguration section */

/* Begin XCConfigurationList section */
		D68C701523F25400008AFDF0 /* Build configuration list for PBXProject "Nutrivurv" */ = {
			isa = XCConfigurationList;
			buildConfigurations = (
				D68C702C23F25402008AFDF0 /* Debug */,
				D68C702D23F25402008AFDF0 /* Release */,
			);
			defaultConfigurationIsVisible = 0;
			defaultConfigurationName = Release;
		};
		D68C702E23F25402008AFDF0 /* Build configuration list for PBXNativeTarget "Nutrivurv" */ = {
			isa = XCConfigurationList;
			buildConfigurations = (
				D68C702F23F25402008AFDF0 /* Debug */,
				D68C703023F25402008AFDF0 /* Release */,
			);
			defaultConfigurationIsVisible = 0;
			defaultConfigurationName = Release;
		};
/* End XCConfigurationList section */

/* Begin XCRemoteSwiftPackageReference section */
		D60BA2D323FF79AC00B3E6BF /* XCRemoteSwiftPackageReference "keychain-swift" */ = {
			isa = XCRemoteSwiftPackageReference;
			repositoryURL = "https://github.com/evgenyneu/keychain-swift.git";
			requirement = {
				kind = upToNextMinorVersion;
				minimumVersion = 19.0.0;
			};
		};
/* End XCRemoteSwiftPackageReference section */

/* Begin XCSwiftPackageProductDependency section */
		D60BA2D423FF79AD00B3E6BF /* KeychainSwift */ = {
			isa = XCSwiftPackageProductDependency;
			package = D60BA2D323FF79AC00B3E6BF /* XCRemoteSwiftPackageReference "keychain-swift" */;
			productName = KeychainSwift;
		};
/* End XCSwiftPackageProductDependency section */
	};
	rootObject = D68C701223F25400008AFDF0 /* Project object */;
}
